{
  "version": 4,
  "terraform_version": "1.10.5",
  "serial": 23,
  "lineage": "0fb52b55-4e1c-93f0-7899-3ebde7b23151",
  "outputs": {},
  "resources": [
    {
      "mode": "data",
      "type": "template_file",
      "name": "user_data",
      "provider": "provider[\"registry.terraform.io/hashicorp/template\"]",
      "instances": [
        {
          "schema_version": 0,
          "attributes": {
            "filename": null,
            "id": "5dbb24b94e9b4246ff6b23daa9ff3515dacb4ebe4ad761c6192375d17667ae76",
            "rendered": "#cloud-config\nusers:\n  - name: ubuntu\n    sudo: ALL=(ALL) NOPASSWD:ALL\n    groups: sudo\n    shell: /bin/bash\n    lock_passwd: false\n    passwd: $6$FzMWq3kKBNexpm0T$U1BNz7eXKSPoYVR9Y/LClN6FquV/MpesQu5RPI.YGA5cFRKHdh5RgiNi5MA12hUtjFtRfQ6522ymK/wH1IZZM1\n    \nchpasswd:\n  list: |\n    ubuntu:linux\n  expire: False\nssh_pwauth: true\n",
            "template": "#cloud-config\nusers:\n  - name: ubuntu\n    sudo: ALL=(ALL) NOPASSWD:ALL\n    groups: sudo\n    shell: /bin/bash\n    lock_passwd: false\n    passwd: $6$FzMWq3kKBNexpm0T$U1BNz7eXKSPoYVR9Y/LClN6FquV/MpesQu5RPI.YGA5cFRKHdh5RgiNi5MA12hUtjFtRfQ6522ymK/wH1IZZM1\n    \nchpasswd:\n  list: |\n    ubuntu:linux\n  expire: False\nssh_pwauth: true\n",
            "vars": {
              "user_account": "ubuntu"
            }
          },
          "sensitive_attributes": []
        }
      ]
    },
    {
      "mode": "managed",
      "type": "libvirt_volume",
      "name": "base_volume",
      "provider": "provider[\"registry.terraform.io/dmacvicar/libvirt\"]",
      "instances": [
        {
          "schema_version": 0,
          "attributes": {
            "base_volume_id": null,
            "base_volume_name": null,
            "base_volume_pool": null,
            "format": "qcow2",
            "id": "/var/lib/libvirt/images/base_volume",
            "name": "base_volume",
            "pool": "default",
            "size": 2361393152,
            "source": "/home/faraouila2/Téléchargements/ubuntu-20.04-server-cloudimg-amd64.img",
            "xml": []
          },
          "sensitive_attributes": [],
          "private": "bnVsbA=="
        }
      ]
    },
    {
      "mode": "managed",
      "type": "libvirt_volume",
      "name": "volumes",
      "provider": "provider[\"registry.terraform.io/dmacvicar/libvirt\"]",
      "instances": [
        {
          "index_key": "vm-01",
          "schema_version": 0,
          "attributes": {
            "base_volume_id": "/var/lib/libvirt/images/base_volume",
            "base_volume_name": null,
            "base_volume_pool": null,
            "format": "qcow2",
            "id": "/var/lib/libvirt/images/vm-01.qcow2",
            "name": "vm-01.qcow2",
            "pool": "default",
            "size": 10737418240,
            "source": null,
            "xml": []
          },
          "sensitive_attributes": [],
          "private": "bnVsbA==",
          "dependencies": [
            "libvirt_volume.base_volume"
          ]
        },
        {
          "index_key": "vm-02",
          "schema_version": 0,
          "attributes": {
            "base_volume_id": "/var/lib/libvirt/images/base_volume",
            "base_volume_name": null,
            "base_volume_pool": null,
            "format": "qcow2",
            "id": "/var/lib/libvirt/images/vm-02.qcow2",
            "name": "vm-02.qcow2",
            "pool": "default",
            "size": 10737418240,
            "source": null,
            "xml": []
          },
          "sensitive_attributes": [],
          "private": "bnVsbA==",
          "dependencies": [
            "libvirt_volume.base_volume"
          ]
        },
        {
          "index_key": "vm-03",
          "schema_version": 0,
          "attributes": {
            "base_volume_id": "/var/lib/libvirt/images/base_volume",
            "base_volume_name": null,
            "base_volume_pool": null,
            "format": "qcow2",
            "id": "/var/lib/libvirt/images/vm-03.qcow2",
            "name": "vm-03.qcow2",
            "pool": "default",
            "size": 10737418240,
            "source": null,
            "xml": []
          },
          "sensitive_attributes": [],
          "private": "bnVsbA==",
          "dependencies": [
            "libvirt_volume.base_volume"
          ]
        },
        {
          "index_key": "vm-04",
          "schema_version": 0,
          "attributes": {
            "base_volume_id": "/var/lib/libvirt/images/base_volume",
            "base_volume_name": null,
            "base_volume_pool": null,
            "format": "qcow2",
            "id": "/var/lib/libvirt/images/vm-04.qcow2",
            "name": "vm-04.qcow2",
            "pool": "default",
            "size": 10737418240,
            "source": null,
            "xml": []
          },
          "sensitive_attributes": [],
          "private": "bnVsbA==",
          "dependencies": [
            "libvirt_volume.base_volume"
          ]
        }
      ]
    }
  ],
  "check_results": null
}
